
Microsoft Visual Studio Solution File, Format Version 12.00
# Visual Studio Version 17
VisualStudioVersion = 17.11.35431.28
MinimumVisualStudioVersion = 10.0.40219.1
Project("{FAE04EC0-301F-11D3-BF4B-00C04F79EFBC}") = "Server", "Server\Server.csproj", "{0763086D-3789-4A4B-85C8-C5C1963BF2E0}"
EndProject
Project("{FAE04EC0-301F-11D3-BF4B-00C04F79EFBC}") = "General", "General\General.csproj", "{F327BC3C-0158-DCF3-C3B3-890B24E407E5}"
EndProject
Project("{FAE04EC0-301F-11D3-BF4B-00C04F79EFBC}") = "ConsoleAppForTests", "ConsoleAppForTests\ConsoleAppForTests.csproj", "{CD5C228E-7AC3-43F0-97E3-448D3E203180}"
EndProject
Project("{FAE04EC0-301F-11D3-BF4B-00C04F79EFBC}") = "BackuperDatabases", "BackuperDatabases\BackuperDatabases.csproj", "{E9147802-0356-4716-8CBD-B1807A7241C3}"
EndProject
Project("{FAE04EC0-301F-11D3-BF4B-00C04F79EFBC}") = "Server_Common", "Server_Common\Server_Common.csproj", "{37431F94-2300-D0A6-79AD-B25800546F74}"
EndProject
Project("{FAE04EC0-301F-11D3-BF4B-00C04F79EFBC}") = "Server_DB", "Server_DB\Server_DB.csproj", "{FFC28D10-FCBC-F8CE-1345-8BCBC173C24C}"
EndProject
Project("{FAE04EC0-301F-11D3-BF4B-00C04F79EFBC}") = "Server_DB_Data", "Server_DB_Data\Server_DB_Data.csproj", "{41C87EB7-3355-FD3D-8C2D-0ED5EC9D4C61}"
EndProject
Project("{FAE04EC0-301F-11D3-BF4B-00C04F79EFBC}") = "Server_DB_UserData", "Server_DB_UserData\Server_DB_UserData.csproj", "{CFCD5CF5-A002-FC4E-12C3-A70AA53A64DA}"
EndProject
Project("{FAE04EC0-301F-11D3-BF4B-00C04F79EFBC}") = "Server_DB_Users", "Server_DB_Users\Server_DB_Users.csproj", "{1302F570-402D-B3EC-12D5-3170F63120E8}"
EndProject
Global
	GlobalSection(SolutionConfigurationPlatforms) = preSolution
		Debug|Any CPU = Debug|Any CPU
		Release|Any CPU = Release|Any CPU
	EndGlobalSection
	GlobalSection(ProjectConfigurationPlatforms) = postSolution
		{0763086D-3789-4A4B-85C8-C5C1963BF2E0}.Debug|Any CPU.ActiveCfg = Debug|Any CPU
		{0763086D-3789-4A4B-85C8-C5C1963BF2E0}.Debug|Any CPU.Build.0 = Debug|Any CPU
		{0763086D-3789-4A4B-85C8-C5C1963BF2E0}.Release|Any CPU.ActiveCfg = Release|Any CPU
		{0763086D-3789-4A4B-85C8-C5C1963BF2E0}.Release|Any CPU.Build.0 = Release|Any CPU
		{F327BC3C-0158-DCF3-C3B3-890B24E407E5}.Debug|Any CPU.ActiveCfg = Debug|Any CPU
		{F327BC3C-0158-DCF3-C3B3-890B24E407E5}.Debug|Any CPU.Build.0 = Debug|Any CPU
		{F327BC3C-0158-DCF3-C3B3-890B24E407E5}.Release|Any CPU.ActiveCfg = Release|Any CPU
		{F327BC3C-0158-DCF3-C3B3-890B24E407E5}.Release|Any CPU.Build.0 = Release|Any CPU
		{CD5C228E-7AC3-43F0-97E3-448D3E203180}.Debug|Any CPU.ActiveCfg = Debug|Any CPU
		{CD5C228E-7AC3-43F0-97E3-448D3E203180}.Debug|Any CPU.Build.0 = Debug|Any CPU
		{CD5C228E-7AC3-43F0-97E3-448D3E203180}.Release|Any CPU.ActiveCfg = Release|Any CPU
		{CD5C228E-7AC3-43F0-97E3-448D3E203180}.Release|Any CPU.Build.0 = Release|Any CPU
		{E9147802-0356-4716-8CBD-B1807A7241C3}.Debug|Any CPU.ActiveCfg = Debug|Any CPU
		{E9147802-0356-4716-8CBD-B1807A7241C3}.Debug|Any CPU.Build.0 = Debug|Any CPU
		{E9147802-0356-4716-8CBD-B1807A7241C3}.Release|Any CPU.ActiveCfg = Release|Any CPU
		{E9147802-0356-4716-8CBD-B1807A7241C3}.Release|Any CPU.Build.0 = Release|Any CPU
		{37431F94-2300-D0A6-79AD-B25800546F74}.Debug|Any CPU.ActiveCfg = Debug|Any CPU
		{37431F94-2300-D0A6-79AD-B25800546F74}.Debug|Any CPU.Build.0 = Debug|Any CPU
		{37431F94-2300-D0A6-79AD-B25800546F74}.Release|Any CPU.ActiveCfg = Release|Any CPU
		{37431F94-2300-D0A6-79AD-B25800546F74}.Release|Any CPU.Build.0 = Release|Any CPU
		{FFC28D10-FCBC-F8CE-1345-8BCBC173C24C}.Debug|Any CPU.ActiveCfg = Debug|Any CPU
		{FFC28D10-FCBC-F8CE-1345-8BCBC173C24C}.Debug|Any CPU.Build.0 = Debug|Any CPU
		{FFC28D10-FCBC-F8CE-1345-8BCBC173C24C}.Release|Any CPU.ActiveCfg = Release|Any CPU
		{FFC28D10-FCBC-F8CE-1345-8BCBC173C24C}.Release|Any CPU.Build.0 = Release|Any CPU
		{41C87EB7-3355-FD3D-8C2D-0ED5EC9D4C61}.Debug|Any CPU.ActiveCfg = Debug|Any CPU
		{41C87EB7-3355-FD3D-8C2D-0ED5EC9D4C61}.Debug|Any CPU.Build.0 = Debug|Any CPU
		{41C87EB7-3355-FD3D-8C2D-0ED5EC9D4C61}.Release|Any CPU.ActiveCfg = Release|Any CPU
		{41C87EB7-3355-FD3D-8C2D-0ED5EC9D4C61}.Release|Any CPU.Build.0 = Release|Any CPU
		{CFCD5CF5-A002-FC4E-12C3-A70AA53A64DA}.Debug|Any CPU.ActiveCfg = Debug|Any CPU
		{CFCD5CF5-A002-FC4E-12C3-A70AA53A64DA}.Debug|Any CPU.Build.0 = Debug|Any CPU
		{CFCD5CF5-A002-FC4E-12C3-A70AA53A64DA}.Release|Any CPU.ActiveCfg = Release|Any CPU
		{CFCD5CF5-A002-FC4E-12C3-A70AA53A64DA}.Release|Any CPU.Build.0 = Release|Any CPU
		{1302F570-402D-B3EC-12D5-3170F63120E8}.Debug|Any CPU.ActiveCfg = Debug|Any CPU
		{1302F570-402D-B3EC-12D5-3170F63120E8}.Debug|Any CPU.Build.0 = Debug|Any CPU
		{1302F570-402D-B3EC-12D5-3170F63120E8}.Release|Any CPU.ActiveCfg = Release|Any CPU
		{1302F570-402D-B3EC-12D5-3170F63120E8}.Release|Any CPU.Build.0 = Release|Any CPU
	EndGlobalSection
	GlobalSection(SolutionProperties) = preSolution
		HideSolutionNode = FALSE
	EndGlobalSection
	GlobalSection(ExtensibilityGlobals) = postSolution
		SolutionGuid = {432B3655-7049-4C50-9780-DE39CFE9ED74}
	EndGlobalSection
EndGlobal
