
Microsoft Visual Studio Solution File, Format Version 12.00
# Visual Studio Version 17
VisualStudioVersion = 17.11.35431.28
MinimumVisualStudioVersion = 10.0.40219.1
Project("{9A19103F-16F7-4668-BE54-9A1E7A4F7556}") = "General", "General\General.csproj", "{BD861114-3529-4171-B638-D9D8C8D6BB35}"
EndProject
Project("{FAE04EC0-301F-11D3-BF4B-00C04F79EFBC}") = "Server", "Server\Server.csproj", "{0763086D-3789-4A4B-85C8-C5C1963BF2E0}"
EndProject
Project("{FAE04EC0-301F-11D3-BF4B-00C04F79EFBC}") = "Test_Library1_Net21", "Test_Library1_Net21\Test_Library1_Net21.csproj", "{28FFE870-A93E-470B-B81C-67AD4E6021D1}"
EndProject
Project("{FAE04EC0-301F-11D3-BF4B-00C04F79EFBC}") = "Test_ConsoleApp1", "Test_ConsoleApp1\Test_ConsoleApp1.csproj", "{7557FE24-6339-4244-B21F-66BA56E30799}"
EndProject
Project("{FAE04EC0-301F-11D3-BF4B-00C04F79EFBC}") = "Test_FormWebClient", "Test_FormWebClient\Test_FormWebClient.csproj", "{051B6D31-0776-4044-B6E0-D7E1C8AD2F91}"
EndProject

Global
	GlobalSection(SolutionConfigurationPlatforms) = preSolution
		Debug|Any CPU = Debug|Any CPU
		Release|Any CPU = Release|Any CPU
	EndGlobalSection
	GlobalSection(ProjectConfigurationPlatforms) = postSolution
		{BD861114-3529-4171-B638-D9D8C8D6BB35}.Debug|Any CPU.ActiveCfg = Debug|Any CPU
		{BD861114-3529-4171-B638-D9D8C8D6BB35}.Debug|Any CPU.Build.0 = Debug|Any CPU
		{BD861114-3529-4171-B638-D9D8C8D6BB35}.Release|Any CPU.ActiveCfg = Release|Any CPU
		{BD861114-3529-4171-B638-D9D8C8D6BB35}.Release|Any CPU.Build.0 = Release|Any CPU
		{0763086D-3789-4A4B-85C8-C5C1963BF2E0}.Debug|Any CPU.ActiveCfg = Debug|Any CPU
		{0763086D-3789-4A4B-85C8-C5C1963BF2E0}.Debug|Any CPU.Build.0 = Debug|Any CPU
		{0763086D-3789-4A4B-85C8-C5C1963BF2E0}.Release|Any CPU.ActiveCfg = Release|Any CPU
		{0763086D-3789-4A4B-85C8-C5C1963BF2E0}.Release|Any CPU.Build.0 = Release|Any CPU
		{28FFE870-A93E-470B-B81C-67AD4E6021D1}.Debug|Any CPU.ActiveCfg = Debug|Any CPU
		{28FFE870-A93E-470B-B81C-67AD4E6021D1}.Debug|Any CPU.Build.0 = Debug|Any CPU
		{28FFE870-A93E-470B-B81C-67AD4E6021D1}.Release|Any CPU.ActiveCfg = Release|Any CPU
		{28FFE870-A93E-470B-B81C-67AD4E6021D1}.Release|Any CPU.Build.0 = Release|Any CPU
		{7557FE24-6339-4244-B21F-66BA56E30799}.Debug|Any CPU.ActiveCfg = Debug|Any CPU
		{7557FE24-6339-4244-B21F-66BA56E30799}.Debug|Any CPU.Build.0 = Debug|Any CPU
		{7557FE24-6339-4244-B21F-66BA56E30799}.Release|Any CPU.ActiveCfg = Release|Any CPU
		{7557FE24-6339-4244-B21F-66BA56E30799}.Release|Any CPU.Build.0 = Release|Any CPU
		{051B6D31-0776-4044-B6E0-D7E1C8AD2F91}.Debug|Any CPU.ActiveCfg = Debug|Any CPU
		{051B6D31-0776-4044-B6E0-D7E1C8AD2F91}.Debug|Any CPU.Build.0 = Debug|Any CPU
		{051B6D31-0776-4044-B6E0-D7E1C8AD2F91}.Release|Any CPU.ActiveCfg = Release|Any CPU
		{051B6D31-0776-4044-B6E0-D7E1C8AD2F91}.Release|Any CPU.Build.0 = Release|Any CPU
		{9041C790-EA37-EDC7-348A-87D875405F0D}.Debug|Any CPU.ActiveCfg = Debug|Any CPU
		{9041C790-EA37-EDC7-348A-87D875405F0D}.Debug|Any CPU.Build.0 = Debug|Any CPU
		{9041C790-EA37-EDC7-348A-87D875405F0D}.Release|Any CPU.ActiveCfg = Release|Any CPU
		{9041C790-EA37-EDC7-348A-87D875405F0D}.Release|Any CPU.Build.0 = Release|Any CPU
	EndGlobalSection
	GlobalSection(SolutionProperties) = preSolution
		HideSolutionNode = FALSE
	EndGlobalSection
	GlobalSection(ExtensibilityGlobals) = postSolution
		SolutionGuid = {432B3655-7049-4C50-9780-DE39CFE9ED74}
	EndGlobalSection
EndGlobal
