
Microsoft Visual Studio Solution File, Format Version 12.00
# Visual Studio Version 17
VisualStudioVersion = 17.11.35431.28
MinimumVisualStudioVersion = 10.0.40219.1
Project("{FAE04EC0-301F-11D3-BF4B-00C04F79EFBC}") = "Server", "Server\Server.csproj", "{0763086D-3789-4A4B-85C8-C5C1963BF2E0}"
EndProject
Project("{FAE04EC0-301F-11D3-BF4B-00C04F79EFBC}") = "General", "General\General.csproj", "{F327BC3C-0158-DCF3-C3B3-890B24E407E5}"
EndProject
Global
	GlobalSection(SolutionConfigurationPlatforms) = preSolution
		Debug|Any CPU = Debug|Any CPU
		Release|Any CPU = Release|Any CPU
	EndGlobalSection
	GlobalSection(ProjectConfigurationPlatforms) = postSolution
		{0763086D-3789-4A4B-85C8-C5C1963BF2E0}.Debug|Any CPU.ActiveCfg = Debug|Any CPU
		{0763086D-3789-4A4B-85C8-C5C1963BF2E0}.Debug|Any CPU.Build.0 = Debug|Any CPU
		{0763086D-3789-4A4B-85C8-C5C1963BF2E0}.Release|Any CPU.ActiveCfg = Release|Any CPU
		{0763086D-3789-4A4B-85C8-C5C1963BF2E0}.Release|Any CPU.Build.0 = Release|Any CPU
		{F327BC3C-0158-DCF3-C3B3-890B24E407E5}.Debug|Any CPU.ActiveCfg = Debug|Any CPU
		{F327BC3C-0158-DCF3-C3B3-890B24E407E5}.Debug|Any CPU.Build.0 = Debug|Any CPU
		{F327BC3C-0158-DCF3-C3B3-890B24E407E5}.Release|Any CPU.ActiveCfg = Release|Any CPU
		{F327BC3C-0158-DCF3-C3B3-890B24E407E5}.Release|Any CPU.Build.0 = Release|Any CPU
	EndGlobalSection
	GlobalSection(SolutionProperties) = preSolution
		HideSolutionNode = FALSE
	EndGlobalSection
	GlobalSection(ExtensibilityGlobals) = postSolution
		SolutionGuid = {432B3655-7049-4C50-9780-DE39CFE9ED74}
	EndGlobalSection
EndGlobal
